
Microsoft Visual Studio Solution File, Format Version 12.00
# Visual Studio Version 17
VisualStudioVersion = 17.11.35219.272
MinimumVisualStudioVersion = 10.0.40219.1
Project("{803FD0C6-D64E-4E16-9DC3-1DAEC859A3D2}") = "pico_th", "pico_th.vgdbproj", "{CC7592D3-B13D-43F4-AC03-33E5FF157A9F}"
EndProject
Global
	GlobalSection(SolutionConfigurationPlatforms) = preSolution
		Debug|VisualGDB = Debug|VisualGDB
		MinSizeRel|VisualGDB = MinSizeRel|VisualGDB
		Release|VisualGDB = Release|VisualGDB
		RelWithDebInfo|VisualGDB = RelWithDebInfo|VisualGDB
	EndGlobalSection
	GlobalSection(ProjectConfigurationPlatforms) = postSolution
		{CC7592D3-B13D-43F4-AC03-33E5FF157A9F}.Debug|VisualGDB.ActiveCfg = Debug|VisualGDB
		{CC7592D3-B13D-43F4-AC03-33E5FF157A9F}.Debug|VisualGDB.Build.0 = Debug|VisualGDB
		{CC7592D3-B13D-43F4-AC03-33E5FF157A9F}.MinSizeRel|VisualGDB.ActiveCfg = MinSizeRel|VisualGDB
		{CC7592D3-B13D-43F4-AC03-33E5FF157A9F}.MinSizeRel|VisualGDB.Build.0 = MinSizeRel|VisualGDB
		{CC7592D3-B13D-43F4-AC03-33E5FF157A9F}.Release|VisualGDB.ActiveCfg = Release|VisualGDB
		{CC7592D3-B13D-43F4-AC03-33E5FF157A9F}.Release|VisualGDB.Build.0 = Release|VisualGDB
		{CC7592D3-B13D-43F4-AC03-33E5FF157A9F}.RelWithDebInfo|VisualGDB.ActiveCfg = RelWithDebInfo|VisualGDB
		{CC7592D3-B13D-43F4-AC03-33E5FF157A9F}.RelWithDebInfo|VisualGDB.Build.0 = RelWithDebInfo|VisualGDB
	EndGlobalSection
	GlobalSection(SolutionProperties) = preSolution
		HideSolutionNode = FALSE
	EndGlobalSection
	GlobalSection(ExtensibilityGlobals) = postSolution
		SolutionGuid = {3968516D-B7D0-45F9-8986-045F82B64290}
	EndGlobalSection
EndGlobal
